
Microsoft Visual Studio Solution File, Format Version 12.00
# Visual Studio Version 17
VisualStudioVersion = 17.0.31903.59
MinimumVisualStudioVersion = 10.0.40219.1
Project("{9A19103F-16F7-4668-BE54-9A1E7A4F7556}") = "Homework", "Homework\Homework.csproj", "{B2FAADF1-1286-43E2-A164-B20194240828}"
EndProject
Project("{9A19103F-16F7-4668-BE54-9A1E7A4F7556}") = "Homework.Tests", "Homework.Tests\Homework.Tests.csproj", "{5BA34978-C866-4AE3-8B8E-1EE33FE3740F}"
EndProject
Project("{E53339B2-1760-4266-BCC7-CA923CBCF16C}") = "docker-compose", "docker-compose.dcproj", "{39346610-CD8A-4B43-A313-15AB4E813DA8}"
EndProject
Global
	GlobalSection(SolutionConfigurationPlatforms) = preSolution
		Debug|Any CPU = Debug|Any CPU
		Release|Any CPU = Release|Any CPU
	EndGlobalSection
	GlobalSection(ProjectConfigurationPlatforms) = postSolution
		{B2FAADF1-1286-43E2-A164-B20194240828}.Debug|Any CPU.ActiveCfg = Debug|Any CPU
		{B2FAADF1-1286-43E2-A164-B20194240828}.Debug|Any CPU.Build.0 = Debug|Any CPU
		{B2FAADF1-1286-43E2-A164-B20194240828}.Release|Any CPU.ActiveCfg = Release|Any CPU
		{B2FAADF1-1286-43E2-A164-B20194240828}.Release|Any CPU.Build.0 = Release|Any CPU
		{5BA34978-C866-4AE3-8B8E-1EE33FE3740F}.Debug|Any CPU.ActiveCfg = Debug|Any CPU
		{5BA34978-C866-4AE3-8B8E-1EE33FE3740F}.Debug|Any CPU.Build.0 = Debug|Any CPU
		{5BA34978-C866-4AE3-8B8E-1EE33FE3740F}.Release|Any CPU.ActiveCfg = Release|Any CPU
		{5BA34978-C866-4AE3-8B8E-1EE33FE3740F}.Release|Any CPU.Build.0 = Release|Any CPU
		{39346610-CD8A-4B43-A313-15AB4E813DA8}.Debug|Any CPU.ActiveCfg = Debug|Any CPU
		{39346610-CD8A-4B43-A313-15AB4E813DA8}.Debug|Any CPU.Build.0 = Debug|Any CPU
		{39346610-CD8A-4B43-A313-15AB4E813DA8}.Release|Any CPU.ActiveCfg = Release|Any CPU
		{39346610-CD8A-4B43-A313-15AB4E813DA8}.Release|Any CPU.Build.0 = Release|Any CPU
	EndGlobalSection
	GlobalSection(SolutionProperties) = preSolution
		HideSolutionNode = FALSE
	EndGlobalSection
	GlobalSection(ExtensibilityGlobals) = postSolution
		SolutionGuid = {5C6BD210-67AD-4931-9987-BCDE2FA745BC}
	EndGlobalSection
EndGlobal
